<Project ToolsVersion="4.0" xmlns="http://schemas.microsoft.com/developer/msbuild/2003">
  <ItemGroup>
    <Filter Include="Source Files">
      <UniqueIdentifier>{4FC737F1-C7A5-4376-A066-2A32D752A2FF}</UniqueIdentifier>
      <Extensions>cpp;c;cc;cxx;def;odl;idl;hpj;bat;asm;asmx</Extensions>
    </Filter>
    <Filter Include="Header Files">
      <UniqueIdentifier>{93995380-89BD-4b04-88EB-625FBE52EBFB}</UniqueIdentifier>
      <Extensions>h;hh;hpp;hxx;hm;inl;inc;xsd</Extensions>
    </Filter>
    <Filter Include="Resource Files">
      <UniqueIdentifier>{67DA6AB6-F800-4c08-8B7A-83BB121AAD01}</UniqueIdentifier>
      <Extensions>rc;ico;cur;bmp;dlg;rc2;rct;bin;rgs;gif;jpg;jpeg;jpe;resx;tiff;tif;png;wav;mfcribbon-ms</Extensions>
    </Filter>
    <Filter Include="Source Files\saucershoot">
      <UniqueIdentifier>{4843a3cb-4a19-4c66-a336-5311808e858c}</UniqueIdentifier>
    </Filter>
    <Filter Include="Header Files\saucershoot">
      <UniqueIdentifier>{7e6c42ba-de24-46d2-8360-1099c63f7488}</UniqueIdentifier>
    </Filter>
  </ItemGroup>
  <ItemGroup>
    <ClCompile Include="..\game.cpp">
      <Filter>Source Files</Filter>
    </ClCompile>
    <ClCompile Include="lib\Manager.cpp">
      <Filter>Source Files</Filter>
    </ClCompile>
    <ClCompile Include="lib\LogManager.cpp">
      <Filter>Source Files</Filter>
    </ClCompile>
    <ClCompile Include="lib\utility.cpp">
      <Filter>Source Files</Filter>
    </ClCompile>
    <ClCompile Include="lib\Clock.cpp">
      <Filter>Source Files</Filter>
    </ClCompile>
    <ClCompile Include="lib\GameManager.cpp">
      <Filter>Source Files</Filter>
    </ClCompile>
    <ClCompile Include="lib\Vector.cpp">
      <Filter>Source Files</Filter>
    </ClCompile>
    <ClCompile Include="lib\Object.cpp">
      <Filter>Source Files</Filter>
    </ClCompile>
    <ClCompile Include="lib\ObjectList.cpp">
      <Filter>Source Files</Filter>
    </ClCompile>
    <ClCompile Include="lib\ObjectListIterator.cpp">
      <Filter>Source Files</Filter>
    </ClCompile>
    <ClCompile Include="lib\Event.cpp">
      <Filter>Source Files</Filter>
    </ClCompile>
    <ClCompile Include="lib\EventStep.cpp">
      <Filter>Source Files</Filter>
    </ClCompile>
    <ClCompile Include="lib\WorldManager.cpp">
      <Filter>Source Files</Filter>
    </ClCompile>
    <ClCompile Include="lib\DisplayManager.cpp">
      <Filter>Source Files</Filter>
    </ClCompile>
    <ClCompile Include="lib\InputManager.cpp">
      <Filter>Source Files</Filter>
    </ClCompile>
    <ClCompile Include="lib\EventKeyboard.cpp">
      <Filter>Source Files</Filter>
    </ClCompile>
    <ClCompile Include="lib\EventMouse.cpp">
      <Filter>Source Files</Filter>
    </ClCompile>
    <ClCompile Include="lib\EventCollision.cpp">
      <Filter>Source Files</Filter>
    </ClCompile>
    <ClCompile Include="lib\EventOut.cpp">
      <Filter>Source Files</Filter>
    </ClCompile>
    <ClCompile Include="lib\Sprite.cpp">
      <Filter>Source Files</Filter>
    </ClCompile>
    <ClCompile Include="lib\ResourceManager.cpp">
      <Filter>Source Files</Filter>
    </ClCompile>
    <ClCompile Include="lib\Box.cpp">
      <Filter>Source Files</Filter>
    </ClCompile>
    <ClCompile Include="lib\Sound.cpp">
      <Filter>Source Files</Filter>
    </ClCompile>
    <ClCompile Include="lib\Music.cpp">
      <Filter>Source Files</Filter>
    </ClCompile>
    <ClCompile Include="lib\ViewObject.cpp">
      <Filter>Source Files</Filter>
    </ClCompile>
    <ClCompile Include="lib\EventView.cpp">
      <Filter>Source Files</Filter>
    </ClCompile>
    <ClCompile Include="lib\saucershoot\Bullet.cpp">
      <Filter>Source Files\saucershoot</Filter>
    </ClCompile>
    <ClCompile Include="lib\saucershoot\EventNuke.cpp">
      <Filter>Source Files\saucershoot</Filter>
    </ClCompile>
    <ClCompile Include="lib\saucershoot\Explosion.cpp">
      <Filter>Source Files\saucershoot</Filter>
    </ClCompile>
    <ClCompile Include="lib\saucershoot\GameOver.cpp">
      <Filter>Source Files\saucershoot</Filter>
    </ClCompile>
    <ClCompile Include="lib\saucershoot\GameStart.cpp">
      <Filter>Source Files\saucershoot</Filter>
    </ClCompile>
    <ClCompile Include="lib\saucershoot\Hero.cpp">
      <Filter>Source Files\saucershoot</Filter>
    </ClCompile>
    <ClCompile Include="lib\saucershoot\Points.cpp">
      <Filter>Source Files\saucershoot</Filter>
    </ClCompile>
    <ClCompile Include="lib\saucershoot\Reticle.cpp">
      <Filter>Source Files\saucershoot</Filter>
    </ClCompile>
    <ClCompile Include="lib\saucershoot\Saucer.cpp">
      <Filter>Source Files\saucershoot</Filter>
    </ClCompile>
    <ClCompile Include="lib\saucershoot\Star.cpp">
      <Filter>Source Files\saucershoot</Filter>
    </ClCompile>
    <ClCompile Include="lib\Frame.cpp">
      <Filter>Source Files</Filter>
    </ClCompile>
  </ItemGroup>
  <ItemGroup>
    <ClInclude Include="include\Manager.h">
      <Filter>Header Files</Filter>
    </ClInclude>
    <ClInclude Include="include\utility.h">
      <Filter>Header Files</Filter>
    </ClInclude>
    <ClInclude Include="include\LogManager.h">
      <Filter>Header Files</Filter>
    </ClInclude>
    <ClInclude Include="include\Clock.h">
      <Filter>Header Files</Filter>
    </ClInclude>
    <ClInclude Include="include\GameManager.h">
      <Filter>Header Files</Filter>
    </ClInclude>
    <ClInclude Include="include\Vector.h">
      <Filter>Header Files</Filter>
    </ClInclude>
    <ClInclude Include="include\Object.h">
      <Filter>Header Files</Filter>
    </ClInclude>
    <ClInclude Include="include\ObjectList.h">
      <Filter>Header Files</Filter>
    </ClInclude>
    <ClInclude Include="include\ObjectListIterator.h">
      <Filter>Header Files</Filter>
    </ClInclude>
    <ClInclude Include="include\Event.h">
      <Filter>Header Files</Filter>
    </ClInclude>
    <ClInclude Include="include\EventStep.h">
      <Filter>Header Files</Filter>
    </ClInclude>
    <ClInclude Include="include\WorldManager.h">
      <Filter>Header Files</Filter>
    </ClInclude>
    <ClInclude Include="include\DisplayManager.h">
      <Filter>Header Files</Filter>
    </ClInclude>
    <ClInclude Include="include\Color.h">
      <Filter>Header Files</Filter>
    </ClInclude>
    <ClInclude Include="include\InputManager.h">
      <Filter>Header Files</Filter>
    </ClInclude>
    <ClInclude Include="include\EventKeyboard.h">
      <Filter>Header Files</Filter>
    </ClInclude>
    <ClInclude Include="include\EventMouse.h">
      <Filter>Header Files</Filter>
    </ClInclude>
    <ClInclude Include="include\EventCollision.h">
      <Filter>Header Files</Filter>
    </ClInclude>
    <ClInclude Include="include\EventOut.h">
      <Filter>Header Files</Filter>
    </ClInclude>
    <ClInclude Include="include\Frame.h">
      <Filter>Header Files</Filter>
    </ClInclude>
    <ClInclude Include="include\Sprite.h">
      <Filter>Header Files</Filter>
    </ClInclude>
    <ClInclude Include="include\ResourceManager.h">
      <Filter>Header Files</Filter>
    </ClInclude>
    <ClInclude Include="include\Box.h">
      <Filter>Header Files</Filter>
    </ClInclude>
    <ClInclude Include="include\Sound.h">
      <Filter>Header Files</Filter>
    </ClInclude>
    <ClInclude Include="include\Music.h">
      <Filter>Header Files</Filter>
    </ClInclude>
    <ClInclude Include="include\ViewObject.h">
      <Filter>Header Files</Filter>
    </ClInclude>
    <ClInclude Include="include\EventView.h">
      <Filter>Header Files</Filter>
    </ClInclude>
    <ClInclude Include="include\saucershoot\Bullet.h">
      <Filter>Header Files\saucershoot</Filter>
    </ClInclude>
    <ClInclude Include="include\saucershoot\EventNuke.h">
      <Filter>Header Files\saucershoot</Filter>
    </ClInclude>
    <ClInclude Include="include\saucershoot\Explosion.h">
      <Filter>Header Files\saucershoot</Filter>
    </ClInclude>
    <ClInclude Include="include\saucershoot\GameOver.h">
      <Filter>Header Files\saucershoot</Filter>
    </ClInclude>
    <ClInclude Include="include\saucershoot\GameStart.h">
      <Filter>Header Files\saucershoot</Filter>
    </ClInclude>
    <ClInclude Include="include\saucershoot\Hero.h">
      <Filter>Header Files\saucershoot</Filter>
    </ClInclude>
    <ClInclude Include="include\saucershoot\Points.h">
      <Filter>Header Files\saucershoot</Filter>
    </ClInclude>
    <ClInclude Include="include\saucershoot\Reticle.h">
      <Filter>Header Files\saucershoot</Filter>
    </ClInclude>
    <ClInclude Include="include\saucershoot\Saucer.h">
      <Filter>Header Files\saucershoot</Filter>
    </ClInclude>
    <ClInclude Include="include\saucershoot\Star.h">
      <Filter>Header Files\saucershoot</Filter>
    </ClInclude>
  </ItemGroup>
</Project>